
Microsoft Visual Studio Solution File, Format Version 12.00
# Visual Studio Version 17
VisualStudioVersion = 17.5.33424.131
MinimumVisualStudioVersion = 10.0.40219.1
Project("{FAE04EC0-301F-11D3-BF4B-00C04F79EFBC}") = "UnitConverter", "UnitConverter\UnitConverter.csproj", "{D5C5E82D-BAD4-4516-890A-478C1D19C128}"
EndProject
Global
	GlobalSection(SolutionConfigurationPlatforms) = preSolution
		Debug|Any CPU = Debug|Any CPU
		Release|Any CPU = Release|Any CPU
	EndGlobalSection
	GlobalSection(ProjectConfigurationPlatforms) = postSolution
		{D5C5E82D-BAD4-4516-890A-478C1D19C128}.Debug|Any CPU.ActiveCfg = Debug|Any CPU
		{D5C5E82D-BAD4-4516-890A-478C1D19C128}.Debug|Any CPU.Build.0 = Debug|Any CPU
		{D5C5E82D-BAD4-4516-890A-478C1D19C128}.Release|Any CPU.ActiveCfg = Release|Any CPU
		{D5C5E82D-BAD4-4516-890A-478C1D19C128}.Release|Any CPU.Build.0 = Release|Any CPU
	EndGlobalSection
	GlobalSection(SolutionProperties) = preSolution
		HideSolutionNode = FALSE
	EndGlobalSection
	GlobalSection(ExtensibilityGlobals) = postSolution
		SolutionGuid = {1C13DE22-BBA3-4B6D-A968-0B7D022E59AC}
	EndGlobalSection
EndGlobal
